
Microsoft Visual Studio Solution File, Format Version 12.00
# Visual Studio Version 17
VisualStudioVersion = 17.3.32825.248
MinimumVisualStudioVersion = 10.0.40219.1
Project("{9A19103F-16F7-4668-BE54-9A1E7A4F7556}") = "DnDRoom", "DnDRoom\DnDRoom.csproj", "{D8A1FF98-8F3E-49E5-B815-29FB348F1E33}"
	ProjectSection(ProjectDependencies) = postProject
		{1A88A3DE-1751-4D54-B143-D33022E3F0BD} = {1A88A3DE-1751-4D54-B143-D33022E3F0BD}
		{3709A8D8-7DF4-41C1-83C4-847887D9614C} = {3709A8D8-7DF4-41C1-83C4-847887D9614C}
		{871101B3-ECF5-46AF-88C2-4C59AD836D0D} = {871101B3-ECF5-46AF-88C2-4C59AD836D0D}
		{FA44F59C-9C68-4F07-AEB7-97323B033694} = {FA44F59C-9C68-4F07-AEB7-97323B033694}
	EndProjectSection
EndProject
Project("{9A19103F-16F7-4668-BE54-9A1E7A4F7556}") = "DnDRoom.Data", "DnDRoom.Data\DnDRoom.Data.csproj", "{1C82FE65-5A98-4207-9560-0BED4F65D557}"
	ProjectSection(ProjectDependencies) = postProject
		{FA44F59C-9C68-4F07-AEB7-97323B033694} = {FA44F59C-9C68-4F07-AEB7-97323B033694}
	EndProjectSection
EndProject
Project("{FAE04EC0-301F-11D3-BF4B-00C04F79EFBC}") = "DndRoom.Controllers", "DndRoom.AccountControllers\DndRoom.Controllers.csproj", "{1A88A3DE-1751-4D54-B143-D33022E3F0BD}"
	ProjectSection(ProjectDependencies) = postProject
		{3709A8D8-7DF4-41C1-83C4-847887D9614C} = {3709A8D8-7DF4-41C1-83C4-847887D9614C}
	EndProjectSection
EndProject
Project("{FAE04EC0-301F-11D3-BF4B-00C04F79EFBC}") = "DnDRoom.Services", "DnDRoom.Services\DnDRoom.Services.csproj", "{3709A8D8-7DF4-41C1-83C4-847887D9614C}"
	ProjectSection(ProjectDependencies) = postProject
		{1C82FE65-5A98-4207-9560-0BED4F65D557} = {1C82FE65-5A98-4207-9560-0BED4F65D557}
		{871101B3-ECF5-46AF-88C2-4C59AD836D0D} = {871101B3-ECF5-46AF-88C2-4C59AD836D0D}
		{FA44F59C-9C68-4F07-AEB7-97323B033694} = {FA44F59C-9C68-4F07-AEB7-97323B033694}
	EndProjectSection
EndProject
Project("{FAE04EC0-301F-11D3-BF4B-00C04F79EFBC}") = "DnDRoom.Models", "DnDRoom.Models\DnDRoom.Models.csproj", "{871101B3-ECF5-46AF-88C2-4C59AD836D0D}"
EndProject
Project("{FAE04EC0-301F-11D3-BF4B-00C04F79EFBC}") = "DnDRoom.Contracts", "DnDRoom.Contracts\DnDRoom.Contracts.csproj", "{FA44F59C-9C68-4F07-AEB7-97323B033694}"
EndProject
Global
	GlobalSection(SolutionConfigurationPlatforms) = preSolution
		Debug|Any CPU = Debug|Any CPU
		Release|Any CPU = Release|Any CPU
	EndGlobalSection
	GlobalSection(ProjectConfigurationPlatforms) = postSolution
		{D8A1FF98-8F3E-49E5-B815-29FB348F1E33}.Debug|Any CPU.ActiveCfg = Debug|Any CPU
		{D8A1FF98-8F3E-49E5-B815-29FB348F1E33}.Debug|Any CPU.Build.0 = Debug|Any CPU
		{D8A1FF98-8F3E-49E5-B815-29FB348F1E33}.Release|Any CPU.ActiveCfg = Release|Any CPU
		{D8A1FF98-8F3E-49E5-B815-29FB348F1E33}.Release|Any CPU.Build.0 = Release|Any CPU
		{1C82FE65-5A98-4207-9560-0BED4F65D557}.Debug|Any CPU.ActiveCfg = Debug|Any CPU
		{1C82FE65-5A98-4207-9560-0BED4F65D557}.Debug|Any CPU.Build.0 = Debug|Any CPU
		{1C82FE65-5A98-4207-9560-0BED4F65D557}.Release|Any CPU.ActiveCfg = Release|Any CPU
		{1C82FE65-5A98-4207-9560-0BED4F65D557}.Release|Any CPU.Build.0 = Release|Any CPU
		{1A88A3DE-1751-4D54-B143-D33022E3F0BD}.Debug|Any CPU.ActiveCfg = Debug|Any CPU
		{1A88A3DE-1751-4D54-B143-D33022E3F0BD}.Debug|Any CPU.Build.0 = Debug|Any CPU
		{1A88A3DE-1751-4D54-B143-D33022E3F0BD}.Release|Any CPU.ActiveCfg = Release|Any CPU
		{1A88A3DE-1751-4D54-B143-D33022E3F0BD}.Release|Any CPU.Build.0 = Release|Any CPU
		{3709A8D8-7DF4-41C1-83C4-847887D9614C}.Debug|Any CPU.ActiveCfg = Debug|Any CPU
		{3709A8D8-7DF4-41C1-83C4-847887D9614C}.Debug|Any CPU.Build.0 = Debug|Any CPU
		{3709A8D8-7DF4-41C1-83C4-847887D9614C}.Release|Any CPU.ActiveCfg = Release|Any CPU
		{3709A8D8-7DF4-41C1-83C4-847887D9614C}.Release|Any CPU.Build.0 = Release|Any CPU
		{871101B3-ECF5-46AF-88C2-4C59AD836D0D}.Debug|Any CPU.ActiveCfg = Debug|Any CPU
		{871101B3-ECF5-46AF-88C2-4C59AD836D0D}.Debug|Any CPU.Build.0 = Debug|Any CPU
		{871101B3-ECF5-46AF-88C2-4C59AD836D0D}.Release|Any CPU.ActiveCfg = Release|Any CPU
		{871101B3-ECF5-46AF-88C2-4C59AD836D0D}.Release|Any CPU.Build.0 = Release|Any CPU
		{FA44F59C-9C68-4F07-AEB7-97323B033694}.Debug|Any CPU.ActiveCfg = Debug|Any CPU
		{FA44F59C-9C68-4F07-AEB7-97323B033694}.Debug|Any CPU.Build.0 = Debug|Any CPU
		{FA44F59C-9C68-4F07-AEB7-97323B033694}.Release|Any CPU.ActiveCfg = Release|Any CPU
		{FA44F59C-9C68-4F07-AEB7-97323B033694}.Release|Any CPU.Build.0 = Release|Any CPU
	EndGlobalSection
	GlobalSection(SolutionProperties) = preSolution
		HideSolutionNode = FALSE
	EndGlobalSection
	GlobalSection(ExtensibilityGlobals) = postSolution
		SolutionGuid = {B0F076FC-18D3-4877-81CA-98AE49E1E818}
	EndGlobalSection
EndGlobal
